// !$*UTF8*$!
{
	archiveVersion = 1;
	classes = {
	};
	objectVersion = 56;
	objects = {

/* Begin PBXBuildFile section */
		E76526DC2C097E6800DAABBE /* textExtension.swift in Sources */ = {isa = PBXBuildFile; fileRef = E76526DB2C097E6800DAABBE /* textExtension.swift */; };
		E7ADB2C62C02DA5C007B22E1 /* MainPageViewController.swift in Sources */ = {isa = PBXBuildFile; fileRef = E7ADB2C52C02DA5C007B22E1 /* MainPageViewController.swift */; };
		E7ADB2CA2C02DA9C007B22E1 /* ChatBotViewController.swift in Sources */ = {isa = PBXBuildFile; fileRef = E7ADB2C92C02DA9C007B22E1 /* ChatBotViewController.swift */; };
		E7ADB2CC2C02DAA8007B22E1 /* CommunityViewController.swift in Sources */ = {isa = PBXBuildFile; fileRef = E7ADB2CB2C02DAA8007B22E1 /* CommunityViewController.swift */; };
		E7ADB2CE2C02DCF4007B22E1 /* PostingPageViewController.swift in Sources */ = {isa = PBXBuildFile; fileRef = E7ADB2CD2C02DCF4007B22E1 /* PostingPageViewController.swift */; };
		E7ADB2D02C02E79F007B22E1 /* CommunityModel.swift in Sources */ = {isa = PBXBuildFile; fileRef = E7ADB2CF2C02E79F007B22E1 /* CommunityModel.swift */; };
		E7ADB2D22C02E7BB007B22E1 /* SamplePosts.swift in Sources */ = {isa = PBXBuildFile; fileRef = E7ADB2D12C02E7BB007B22E1 /* SamplePosts.swift */; };
		E7ADB2D42C02EBDC007B22E1 /* DetailPostViewController.swift in Sources */ = {isa = PBXBuildFile; fileRef = E7ADB2D32C02EBDC007B22E1 /* DetailPostViewController.swift */; };
		E7ADB2D62C02EEBF007B22E1 /* ChattingViewController.swift in Sources */ = {isa = PBXBuildFile; fileRef = E7ADB2D52C02EEBF007B22E1 /* ChattingViewController.swift */; };
		E7ADB2D82C02F2FD007B22E1 /* ChatBotModel.swift in Sources */ = {isa = PBXBuildFile; fileRef = E7ADB2D72C02F2FD007B22E1 /* ChatBotModel.swift */; };
		E7ADB2DA2C02F5D2007B22E1 /* ChatBotAPI.swift in Sources */ = {isa = PBXBuildFile; fileRef = E7ADB2D92C02F5D2007B22E1 /* ChatBotAPI.swift */; };
		E7D21A922BFC87F500871EAE /* AppDelegate.swift in Sources */ = {isa = PBXBuildFile; fileRef = E7D21A912BFC87F500871EAE /* AppDelegate.swift */; };
		E7D21A942BFC87F500871EAE /* SceneDelegate.swift in Sources */ = {isa = PBXBuildFile; fileRef = E7D21A932BFC87F500871EAE /* SceneDelegate.swift */; };
		E7D21A992BFC87F500871EAE /* Base in Resources */ = {isa = PBXBuildFile; fileRef = E7D21A982BFC87F500871EAE /* Base */; };
		E7D21A9B2BFC87F700871EAE /* Assets.xcassets in Resources */ = {isa = PBXBuildFile; fileRef = E7D21A9A2BFC87F700871EAE /* Assets.xcassets */; };
		E7D21A9E2BFC87F700871EAE /* Base in Resources */ = {isa = PBXBuildFile; fileRef = E7D21A9D2BFC87F700871EAE /* Base */; };
		E7E550152C08035E00B4CD0C /* ChatMessageCellCollectionViewCell.swift in Sources */ = {isa = PBXBuildFile; fileRef = E7E550142C08035E00B4CD0C /* ChatMessageCellCollectionViewCell.swift */; };
/* End PBXBuildFile section */

/* Begin PBXFileReference section */
		E76526DB2C097E6800DAABBE /* textExtension.swift */ = {isa = PBXFileReference; lastKnownFileType = sourcecode.swift; path = textExtension.swift; sourceTree = "<group>"; };
		E7ADB2C52C02DA5C007B22E1 /* MainPageViewController.swift */ = {isa = PBXFileReference; lastKnownFileType = sourcecode.swift; path = MainPageViewController.swift; sourceTree = "<group>"; };
		E7ADB2C92C02DA9C007B22E1 /* ChatBotViewController.swift */ = {isa = PBXFileReference; lastKnownFileType = sourcecode.swift; path = ChatBotViewController.swift; sourceTree = "<group>"; };
		E7ADB2CB2C02DAA8007B22E1 /* CommunityViewController.swift */ = {isa = PBXFileReference; lastKnownFileType = sourcecode.swift; path = CommunityViewController.swift; sourceTree = "<group>"; };
		E7ADB2CD2C02DCF4007B22E1 /* PostingPageViewController.swift */ = {isa = PBXFileReference; lastKnownFileType = sourcecode.swift; path = PostingPageViewController.swift; sourceTree = "<group>"; };
		E7ADB2CF2C02E79F007B22E1 /* CommunityModel.swift */ = {isa = PBXFileReference; lastKnownFileType = sourcecode.swift; path = CommunityModel.swift; sourceTree = "<group>"; };
		E7ADB2D12C02E7BB007B22E1 /* SamplePosts.swift */ = {isa = PBXFileReference; lastKnownFileType = sourcecode.swift; path = SamplePosts.swift; sourceTree = "<group>"; };
		E7ADB2D32C02EBDC007B22E1 /* DetailPostViewController.swift */ = {isa = PBXFileReference; lastKnownFileType = sourcecode.swift; path = DetailPostViewController.swift; sourceTree = "<group>"; };
		E7ADB2D52C02EEBF007B22E1 /* ChattingViewController.swift */ = {isa = PBXFileReference; lastKnownFileType = sourcecode.swift; path = ChattingViewController.swift; sourceTree = "<group>"; };
		E7ADB2D72C02F2FD007B22E1 /* ChatBotModel.swift */ = {isa = PBXFileReference; lastKnownFileType = sourcecode.swift; path = ChatBotModel.swift; sourceTree = "<group>"; };
		E7ADB2D92C02F5D2007B22E1 /* ChatBotAPI.swift */ = {isa = PBXFileReference; lastKnownFileType = sourcecode.swift; path = ChatBotAPI.swift; sourceTree = "<group>"; };
		E7D21A8E2BFC87F500871EAE /* Weskey.app */ = {isa = PBXFileReference; explicitFileType = wrapper.application; includeInIndex = 0; path = Weskey.app; sourceTree = BUILT_PRODUCTS_DIR; };
		E7D21A912BFC87F500871EAE /* AppDelegate.swift */ = {isa = PBXFileReference; lastKnownFileType = sourcecode.swift; path = AppDelegate.swift; sourceTree = "<group>"; };
		E7D21A932BFC87F500871EAE /* SceneDelegate.swift */ = {isa = PBXFileReference; lastKnownFileType = sourcecode.swift; path = SceneDelegate.swift; sourceTree = "<group>"; };
		E7D21A982BFC87F500871EAE /* Base */ = {isa = PBXFileReference; lastKnownFileType = file.storyboard; name = Base; path = Base.lproj/Main.storyboard; sourceTree = "<group>"; };
		E7D21A9A2BFC87F700871EAE /* Assets.xcassets */ = {isa = PBXFileReference; lastKnownFileType = folder.assetcatalog; path = Assets.xcassets; sourceTree = "<group>"; };
		E7D21A9D2BFC87F700871EAE /* Base */ = {isa = PBXFileReference; lastKnownFileType = file.storyboard; name = Base; path = Base.lproj/LaunchScreen.storyboard; sourceTree = "<group>"; };
		E7D21A9F2BFC87F700871EAE /* Info.plist */ = {isa = PBXFileReference; lastKnownFileType = text.plist.xml; path = Info.plist; sourceTree = "<group>"; };
		E7E550142C08035E00B4CD0C /* ChatMessageCellCollectionViewCell.swift */ = {isa = PBXFileReference; lastKnownFileType = sourcecode.swift; path = ChatMessageCellCollectionViewCell.swift; sourceTree = "<group>"; };
/* End PBXFileReference section */

/* Begin PBXFrameworksBuildPhase section */
		E7D21A8B2BFC87F500871EAE /* Frameworks */ = {
			isa = PBXFrameworksBuildPhase;
			buildActionMask = 2147483647;
			files = (
			);
			runOnlyForDeploymentPostprocessing = 0;
		};
/* End PBXFrameworksBuildPhase section */

/* Begin PBXGroup section */
		E7ADB2C42C001CAE007B22E1 /* Main */ = {
			isa = PBXGroup;
			children = (
				E7ADB2C52C02DA5C007B22E1 /* MainPageViewController.swift */,
				E76526DB2C097E6800DAABBE /* textExtension.swift */,
			);
			path = Main;
			sourceTree = "<group>";
		};
		E7ADB2C72C02DA60007B22E1 /* ChatBot */ = {
			isa = PBXGroup;
			children = (
				E7ADB2D72C02F2FD007B22E1 /* ChatBotModel.swift */,
				E7ADB2C92C02DA9C007B22E1 /* ChatBotViewController.swift */,
				E7ADB2D52C02EEBF007B22E1 /* ChattingViewController.swift */,
				E7ADB2D92C02F5D2007B22E1 /* ChatBotAPI.swift */,
				E7E550142C08035E00B4CD0C /* ChatMessageCellCollectionViewCell.swift */,
			);
			path = ChatBot;
			sourceTree = "<group>";
		};
		E7ADB2C82C02DA79007B22E1 /* Community */ = {
			isa = PBXGroup;
			children = (
				E7ADB2CB2C02DAA8007B22E1 /* CommunityViewController.swift */,
				E7ADB2D32C02EBDC007B22E1 /* DetailPostViewController.swift */,
				E7ADB2CD2C02DCF4007B22E1 /* PostingPageViewController.swift */,
				E7ADB2CF2C02E79F007B22E1 /* CommunityModel.swift */,
				E7ADB2D12C02E7BB007B22E1 /* SamplePosts.swift */,
			);
			path = Community;
			sourceTree = "<group>";
		};
		E7D21A852BFC87F500871EAE = {
			isa = PBXGroup;
			children = (
				E7D21A902BFC87F500871EAE /* Weskey */,
				E7D21A8F2BFC87F500871EAE /* Products */,
			);
			sourceTree = "<group>";
		};
		E7D21A8F2BFC87F500871EAE /* Products */ = {
			isa = PBXGroup;
			children = (
				E7D21A8E2BFC87F500871EAE /* Weskey.app */,
			);
			name = Products;
			sourceTree = "<group>";
		};
		E7D21A902BFC87F500871EAE /* Weskey */ = {
			isa = PBXGroup;
			children = (
				E7D21A912BFC87F500871EAE /* AppDelegate.swift */,
				E7D21A932BFC87F500871EAE /* SceneDelegate.swift */,
				E7D21A972BFC87F500871EAE /* Main.storyboard */,
				E7D21A9A2BFC87F700871EAE /* Assets.xcassets */,
				E7D21A9C2BFC87F700871EAE /* LaunchScreen.storyboard */,
				E7D21A9F2BFC87F700871EAE /* Info.plist */,
				E7ADB2C42C001CAE007B22E1 /* Main */,
				E7ADB2C72C02DA60007B22E1 /* ChatBot */,
				E7ADB2C82C02DA79007B22E1 /* Community */,
			);
			path = Weskey;
			sourceTree = "<group>";
		};
/* End PBXGroup section */

/* Begin PBXNativeTarget section */
		E7D21A8D2BFC87F500871EAE /* Weskey */ = {
			isa = PBXNativeTarget;
			buildConfigurationList = E7D21AA22BFC87F700871EAE /* Build configuration list for PBXNativeTarget "Weskey" */;
			buildPhases = (
				E7D21A8A2BFC87F500871EAE /* Sources */,
				E7D21A8B2BFC87F500871EAE /* Frameworks */,
				E7D21A8C2BFC87F500871EAE /* Resources */,
			);
			buildRules = (
			);
			dependencies = (
			);
			name = Weskey;
			productName = Weskey;
			productReference = E7D21A8E2BFC87F500871EAE /* Weskey.app */;
			productType = "com.apple.product-type.application";
		};
/* End PBXNativeTarget section */

/* Begin PBXProject section */
		E7D21A862BFC87F500871EAE /* Project object */ = {
			isa = PBXProject;
			attributes = {
				BuildIndependentTargetsInParallel = 1;
				LastSwiftUpdateCheck = 1540;
				LastUpgradeCheck = 1540;
				TargetAttributes = {
					E7D21A8D2BFC87F500871EAE = {
						CreatedOnToolsVersion = 15.4;
					};
				};
			};
			buildConfigurationList = E7D21A892BFC87F500871EAE /* Build configuration list for PBXProject "Weskey" */;
			compatibilityVersion = "Xcode 14.0";
			developmentRegion = en;
			hasScannedForEncodings = 0;
			knownRegions = (
				en,
				Base,
			);
			mainGroup = E7D21A852BFC87F500871EAE;
			productRefGroup = E7D21A8F2BFC87F500871EAE /* Products */;
			projectDirPath = "";
			projectRoot = "";
			targets = (
				E7D21A8D2BFC87F500871EAE /* Weskey */,
			);
		};
/* End PBXProject section */

/* Begin PBXResourcesBuildPhase section */
		E7D21A8C2BFC87F500871EAE /* Resources */ = {
			isa = PBXResourcesBuildPhase;
			buildActionMask = 2147483647;
			files = (
				E7D21A9B2BFC87F700871EAE /* Assets.xcassets in Resources */,
				E7D21A9E2BFC87F700871EAE /* Base in Resources */,
				E7D21A992BFC87F500871EAE /* Base in Resources */,
			);
			runOnlyForDeploymentPostprocessing = 0;
		};
/* End PBXResourcesBuildPhase section */

/* Begin PBXSourcesBuildPhase section */
		E7D21A8A2BFC87F500871EAE /* Sources */ = {
			isa = PBXSourcesBuildPhase;
			buildActionMask = 2147483647;
			files = (
				E7E550152C08035E00B4CD0C /* ChatMessageCellCollectionViewCell.swift in Sources */,
				E7ADB2CE2C02DCF4007B22E1 /* PostingPageViewController.swift in Sources */,
				E7ADB2D22C02E7BB007B22E1 /* SamplePosts.swift in Sources */,
				E7ADB2C62C02DA5C007B22E1 /* MainPageViewController.swift in Sources */,
				E7ADB2D82C02F2FD007B22E1 /* ChatBotModel.swift in Sources */,
				E7ADB2CC2C02DAA8007B22E1 /* CommunityViewController.swift in Sources */,
				E7ADB2CA2C02DA9C007B22E1 /* ChatBotViewController.swift in Sources */,
				E7ADB2D02C02E79F007B22E1 /* CommunityModel.swift in Sources */,
				E7D21A922BFC87F500871EAE /* AppDelegate.swift in Sources */,
				E7D21A942BFC87F500871EAE /* SceneDelegate.swift in Sources */,
				E76526DC2C097E6800DAABBE /* textExtension.swift in Sources */,
				E7ADB2D62C02EEBF007B22E1 /* ChattingViewController.swift in Sources */,
				E7ADB2DA2C02F5D2007B22E1 /* ChatBotAPI.swift in Sources */,
				E7ADB2D42C02EBDC007B22E1 /* DetailPostViewController.swift in Sources */,
			);
			runOnlyForDeploymentPostprocessing = 0;
		};
/* End PBXSourcesBuildPhase section */

/* Begin PBXVariantGroup section */
		E7D21A972BFC87F500871EAE /* Main.storyboard */ = {
			isa = PBXVariantGroup;
			children = (
				E7D21A982BFC87F500871EAE /* Base */,
			);
			name = Main.storyboard;
			sourceTree = "<group>";
		};
		E7D21A9C2BFC87F700871EAE /* LaunchScreen.storyboard */ = {
			isa = PBXVariantGroup;
			children = (
				E7D21A9D2BFC87F700871EAE /* Base */,
			);
			name = LaunchScreen.storyboard;
			sourceTree = "<group>";
		};
/* End PBXVariantGroup section */

/* Begin XCBuildConfiguration section */
		E7D21AA02BFC87F700871EAE /* Debug */ = {
			isa = XCBuildConfiguration;
			buildSettings = {
				ALWAYS_SEARCH_USER_PATHS = NO;
				ASSETCATALOG_COMPILER_GENERATE_SWIFT_ASSET_SYMBOL_EXTENSIONS = YES;
				CLANG_ANALYZER_NONNULL = YES;
				CLANG_ANALYZER_NUMBER_OBJECT_CONVERSION = YES_AGGRESSIVE;
				CLANG_CXX_LANGUAGE_STANDARD = "gnu++20";
				CLANG_ENABLE_MODULES = YES;
				CLANG_ENABLE_OBJC_ARC = YES;
				CLANG_ENABLE_OBJC_WEAK = YES;
				CLANG_WARN_BLOCK_CAPTURE_AUTORELEASING = YES;
				CLANG_WARN_BOOL_CONVERSION = YES;
				CLANG_WARN_COMMA = YES;
				CLANG_WARN_CONSTANT_CONVERSION = YES;
				CLANG_WARN_DEPRECATED_OBJC_IMPLEMENTATIONS = YES;
				CLANG_WARN_DIRECT_OBJC_ISA_USAGE = YES_ERROR;
				CLANG_WARN_DOCUMENTATION_COMMENTS = YES;
				CLANG_WARN_EMPTY_BODY = YES;
				CLANG_WARN_ENUM_CONVERSION = YES;
				CLANG_WARN_INFINITE_RECURSION = YES;
				CLANG_WARN_INT_CONVERSION = YES;
				CLANG_WARN_NON_LITERAL_NULL_CONVERSION = YES;
				CLANG_WARN_OBJC_IMPLICIT_RETAIN_SELF = YES;
				CLANG_WARN_OBJC_LITERAL_CONVERSION = YES;
				CLANG_WARN_OBJC_ROOT_CLASS = YES_ERROR;
				CLANG_WARN_QUOTED_INCLUDE_IN_FRAMEWORK_HEADER = YES;
				CLANG_WARN_RANGE_LOOP_ANALYSIS = YES;
				CLANG_WARN_STRICT_PROTOTYPES = YES;
				CLANG_WARN_SUSPICIOUS_MOVE = YES;
				CLANG_WARN_UNGUARDED_AVAILABILITY = YES_AGGRESSIVE;
				CLANG_WARN_UNREACHABLE_CODE = YES;
				CLANG_WARN__DUPLICATE_METHOD_MATCH = YES;
				COPY_PHASE_STRIP = NO;
				DEBUG_INFORMATION_FORMAT = dwarf;
				ENABLE_STRICT_OBJC_MSGSEND = YES;
				ENABLE_TESTABILITY = YES;
				ENABLE_USER_SCRIPT_SANDBOXING = YES;
				GCC_C_LANGUAGE_STANDARD = gnu17;
				GCC_DYNAMIC_NO_PIC = NO;
				GCC_NO_COMMON_BLOCKS = YES;
				GCC_OPTIMIZATION_LEVEL = 0;
				GCC_PREPROCESSOR_DEFINITIONS = (
					"DEBUG=1",
					"$(inherited)",
				);
				GCC_WARN_64_TO_32_BIT_CONVERSION = YES;
				GCC_WARN_ABOUT_RETURN_TYPE = YES_ERROR;
				GCC_WARN_UNDECLARED_SELECTOR = YES;
				GCC_WARN_UNINITIALIZED_AUTOS = YES_AGGRESSIVE;
				GCC_WARN_UNUSED_FUNCTION = YES;
				GCC_WARN_UNUSED_VARIABLE = YES;
				IPHONEOS_DEPLOYMENT_TARGET = 17.5;
				LOCALIZATION_PREFERS_STRING_CATALOGS = YES;
				MTL_ENABLE_DEBUG_INFO = INCLUDE_SOURCE;
				MTL_FAST_MATH = YES;
				ONLY_ACTIVE_ARCH = YES;
				SDKROOT = iphoneos;
				SWIFT_ACTIVE_COMPILATION_CONDITIONS = "DEBUG $(inherited)";
				SWIFT_OPTIMIZATION_LEVEL = "-Onone";
			};
			name = Debug;
		};
		E7D21AA12BFC87F700871EAE /* Release */ = {
			isa = XCBuildConfiguration;
			buildSettings = {
				ALWAYS_SEARCH_USER_PATHS = NO;
				ASSETCATALOG_COMPILER_GENERATE_SWIFT_ASSET_SYMBOL_EXTENSIONS = YES;
				CLANG_ANALYZER_NONNULL = YES;
				CLANG_ANALYZER_NUMBER_OBJECT_CONVERSION = YES_AGGRESSIVE;
				CLANG_CXX_LANGUAGE_STANDARD = "gnu++20";
				CLANG_ENABLE_MODULES = YES;
				CLANG_ENABLE_OBJC_ARC = YES;
				CLANG_ENABLE_OBJC_WEAK = YES;
				CLANG_WARN_BLOCK_CAPTURE_AUTORELEASING = YES;
				CLANG_WARN_BOOL_CONVERSION = YES;
				CLANG_WARN_COMMA = YES;
				CLANG_WARN_CONSTANT_CONVERSION = YES;
				CLANG_WARN_DEPRECATED_OBJC_IMPLEMENTATIONS = YES;
				CLANG_WARN_DIRECT_OBJC_ISA_USAGE = YES_ERROR;
				CLANG_WARN_DOCUMENTATION_COMMENTS = YES;
				CLANG_WARN_EMPTY_BODY = YES;
				CLANG_WARN_ENUM_CONVERSION = YES;
				CLANG_WARN_INFINITE_RECURSION = YES;
				CLANG_WARN_INT_CONVERSION = YES;
				CLANG_WARN_NON_LITERAL_NULL_CONVERSION = YES;
				CLANG_WARN_OBJC_IMPLICIT_RETAIN_SELF = YES;
				CLANG_WARN_OBJC_LITERAL_CONVERSION = YES;
				CLANG_WARN_OBJC_ROOT_CLASS = YES_ERROR;
				CLANG_WARN_QUOTED_INCLUDE_IN_FRAMEWORK_HEADER = YES;
				CLANG_WARN_RANGE_LOOP_ANALYSIS = YES;
				CLANG_WARN_STRICT_PROTOTYPES = YES;
				CLANG_WARN_SUSPICIOUS_MOVE = YES;
				CLANG_WARN_UNGUARDED_AVAILABILITY = YES_AGGRESSIVE;
				CLANG_WARN_UNREACHABLE_CODE = YES;
				CLANG_WARN__DUPLICATE_METHOD_MATCH = YES;
				COPY_PHASE_STRIP = NO;
				DEBUG_INFORMATION_FORMAT = "dwarf-with-dsym";
				ENABLE_NS_ASSERTIONS = NO;
				ENABLE_STRICT_OBJC_MSGSEND = YES;
				ENABLE_USER_SCRIPT_SANDBOXING = YES;
				GCC_C_LANGUAGE_STANDARD = gnu17;
				GCC_NO_COMMON_BLOCKS = YES;
				GCC_WARN_64_TO_32_BIT_CONVERSION = YES;
				GCC_WARN_ABOUT_RETURN_TYPE = YES_ERROR;
				GCC_WARN_UNDECLARED_SELECTOR = YES;
				GCC_WARN_UNINITIALIZED_AUTOS = YES_AGGRESSIVE;
				GCC_WARN_UNUSED_FUNCTION = YES;
				GCC_WARN_UNUSED_VARIABLE = YES;
				IPHONEOS_DEPLOYMENT_TARGET = 17.5;
				LOCALIZATION_PREFERS_STRING_CATALOGS = YES;
				MTL_ENABLE_DEBUG_INFO = NO;
				MTL_FAST_MATH = YES;
				SDKROOT = iphoneos;
				SWIFT_COMPILATION_MODE = wholemodule;
				VALIDATE_PRODUCT = YES;
			};
			name = Release;
		};
		E7D21AA32BFC87F700871EAE /* Debug */ = {
			isa = XCBuildConfiguration;
			buildSettings = {
				ASSETCATALOG_COMPILER_APPICON_NAME = AppIcon;
				ASSETCATALOG_COMPILER_GLOBAL_ACCENT_COLOR_NAME = AccentColor;
				CODE_SIGN_STYLE = Automatic;
				CURRENT_PROJECT_VERSION = 1;
				DEVELOPMENT_TEAM = 5RULM9TM7R;
				GENERATE_INFOPLIST_FILE = YES;
				INFOPLIST_FILE = Weskey/Info.plist;
				INFOPLIST_KEY_CFBundleDisplayName = DaisKey;
				INFOPLIST_KEY_UIApplicationSupportsIndirectInputEvents = YES;
				INFOPLIST_KEY_UILaunchStoryboardName = LaunchScreen;
				INFOPLIST_KEY_UIMainStoryboardFile = Main;
				INFOPLIST_KEY_UISupportedInterfaceOrientations_iPad = "UIInterfaceOrientationPortrait UIInterfaceOrientationPortraitUpsideDown UIInterfaceOrientationLandscapeLeft UIInterfaceOrientationLandscapeRight";
				INFOPLIST_KEY_UISupportedInterfaceOrientations_iPhone = "UIInterfaceOrientationPortrait UIInterfaceOrientationLandscapeLeft UIInterfaceOrientationLandscapeRight";
				LD_RUNPATH_SEARCH_PATHS = (
					"$(inherited)",
					"@executable_path/Frameworks",
				);
				MARKETING_VERSION = 1.0;
				PRODUCT_BUNDLE_IDENTIFIER = weskeyapp.Weskey;
				PRODUCT_NAME = "$(TARGET_NAME)";
				SUPPORTED_PLATFORMS = "iphoneos iphonesimulator";
				SUPPORTS_MACCATALYST = NO;
				SUPPORTS_XR_DESIGNED_FOR_IPHONE_IPAD = NO;
				SWIFT_EMIT_LOC_STRINGS = YES;
				SWIFT_VERSION = 5.0;
				TARGETED_DEVICE_FAMILY = 1;
			};
			name = Debug;
		};
		E7D21AA42BFC87F700871EAE /* Release */ = {
			isa = XCBuildConfiguration;
			buildSettings = {
				ASSETCATALOG_COMPILER_APPICON_NAME = AppIcon;
				ASSETCATALOG_COMPILER_GLOBAL_ACCENT_COLOR_NAME = AccentColor;
				CODE_SIGN_STYLE = Automatic;
				CURRENT_PROJECT_VERSION = 1;
				DEVELOPMENT_TEAM = 5RULM9TM7R;
				GENERATE_INFOPLIST_FILE = YES;
				INFOPLIST_FILE = Weskey/Info.plist;
				INFOPLIST_KEY_CFBundleDisplayName = DaisKey;
				INFOPLIST_KEY_UIApplicationSupportsIndirectInputEvents = YES;
				INFOPLIST_KEY_UILaunchStoryboardName = LaunchScreen;
				INFOPLIST_KEY_UIMainStoryboardFile = Main;
				INFOPLIST_KEY_UISupportedInterfaceOrientations_iPad = "UIInterfaceOrientationPortrait UIInterfaceOrientationPortraitUpsideDown UIInterfaceOrientationLandscapeLeft UIInterfaceOrientationLandscapeRight";
				INFOPLIST_KEY_UISupportedInterfaceOrientations_iPhone = "UIInterfaceOrientationPortrait UIInterfaceOrientationLandscapeLeft UIInterfaceOrientationLandscapeRight";
				LD_RUNPATH_SEARCH_PATHS = (
					"$(inherited)",
					"@executable_path/Frameworks",
				);
				MARKETING_VERSION = 1.0;
				PRODUCT_BUNDLE_IDENTIFIER = weskeyapp.Weskey;
				PRODUCT_NAME = "$(TARGET_NAME)";
				SUPPORTED_PLATFORMS = "iphoneos iphonesimulator";
				SUPPORTS_MACCATALYST = NO;
				SUPPORTS_XR_DESIGNED_FOR_IPHONE_IPAD = NO;
				SWIFT_EMIT_LOC_STRINGS = YES;
				SWIFT_VERSION = 5.0;
				TARGETED_DEVICE_FAMILY = 1;
			};
			name = Release;
		};
/* End XCBuildConfiguration section */

/* Begin XCConfigurationList section */
		E7D21A892BFC87F500871EAE /* Build configuration list for PBXProject "Weskey" */ = {
			isa = XCConfigurationList;
			buildConfigurations = (
				E7D21AA02BFC87F700871EAE /* Debug */,
				E7D21AA12BFC87F700871EAE /* Release */,
			);
			defaultConfigurationIsVisible = 0;
			defaultConfigurationName = Release;
		};
		E7D21AA22BFC87F700871EAE /* Build configuration list for PBXNativeTarget "Weskey" */ = {
			isa = XCConfigurationList;
			buildConfigurations = (
				E7D21AA32BFC87F700871EAE /* Debug */,
				E7D21AA42BFC87F700871EAE /* Release */,
			);
			defaultConfigurationIsVisible = 0;
			defaultConfigurationName = Release;
		};
/* End XCConfigurationList section */
	};
	rootObject = E7D21A862BFC87F500871EAE /* Project object */;
}
